{"format_version":"1.0","provider_schemas":{"registry.terraform.io/madjlzz/oneprovider":{"provider":{"version":0,"block":{"attributes":{"api_key":{"type":"string","description":"Api Key for OneProvider API. May also be provided via ONEPROVIDER_API_KEY environment variable.","description_kind":"plain","optional":true,"sensitive":true},"client_key":{"type":"string","description":"Client key for OneProvider API. May also be provided via ONEPROVIDER_CLIENT_KEY environment variable.","description_kind":"plain","optional":true,"sensitive":true},"endpoint":{"type":"string","description":"URI for OneProvider API. Defaults to https://api.oneprovider.com","description_kind":"plain","optional":true}},"description_kind":"plain"}},"resource_schemas":{"oneprovider_ssh_key":{"version":0,"block":{"attributes":{"id":{"type":"string","description":"UUID of the SSH key resource.","description_kind":"plain","computed":true},"name":{"type":"string","description":"Name of the SSH key resource.","description_kind":"plain","required":true},"public_key":{"type":"string","description":"Public key value.","description_kind":"plain","required":true}},"description":"Create a new public SSH key","description_kind":"markdown"}},"oneprovider_vm_instance":{"version":0,"block":{"attributes":{"hostname":{"type":"string","description":"Hostname of the VM instance","description_kind":"plain","required":true},"id":{"type":"string","description":"ID of the VM instance. Generated by the provider.","description_kind":"plain","computed":true},"instance_size_id":{"type":"string","description":"Instance size ID referencing the hardware specs of the VM instance","description_kind":"plain","required":true},"ip_address":{"type":"string","description":"IP address of the VM instance","description_kind":"plain","computed":true},"location_id":{"type":"string","description":"Location ID referencing where the VM instance will be created","description_kind":"plain","required":true},"password":{"type":"string","description":"Password of the root user","description_kind":"plain","computed":true,"sensitive":true},"ssh_keys":{"type":["list","string"],"description":"List of SSH keys UUID to add to the VM instance. Note: The OneProvider API does not return SSH key information, so the state reflects the configured values rather than the actual server state.","description_kind":"plain","optional":true,"computed":true},"template_id":{"type":"string","description":"Template ID referencing the OS to use for that VM instance","description_kind":"plain","required":true}},"description":"Create a new VM instance.","description_kind":"markdown"}}},"data_source_schemas":{"oneprovider_ssh_key":{"version":0,"block":{"attributes":{"id":{"type":"string","description":"Filter by ID.","description_kind":"markdown","optional":true},"name":{"type":"string","description":"Filter by name.","description_kind":"markdown","optional":true},"public_key":{"type":"string","description":"SSH public key.","description_kind":"markdown","computed":true}},"description":"Retrieve SSH key by its ID or name.","description_kind":"markdown"}},"oneprovider_vm_location":{"version":0,"block":{"attributes":{"available_sizes":{"type":["list","number"],"description":"List of available VM sizes","description_kind":"plain","computed":true},"available_types":{"type":["list","string"],"description":"List of available VM types","description_kind":"plain","computed":true},"city":{"type":"string","description":"Filter by city","description_kind":"plain","required":true},"country":{"type":"string","description":"Location country","description_kind":"plain","computed":true},"id":{"type":"string","description":"Location ID","description_kind":"plain","computed":true},"ipv4":{"type":"string","description":"Location IPv4 address","description_kind":"plain","computed":true},"ipv6":{"type":"string","description":"Location IPv6 address","description_kind":"plain","computed":true},"region":{"type":"string","description":"Location region","description_kind":"plain","computed":true}},"description":"Retrieve location information given its city","description_kind":"markdown"}},"oneprovider_vm_size":{"version":0,"block":{"attributes":{"cores":{"type":"string","description":"Number of CPU core available on the VM","description_kind":"plain","computed":true},"disk":{"type":"string","description":"Disk storage size in GB","description_kind":"plain","computed":true},"id":{"type":"string","description":"Size ID","description_kind":"plain","computed":true},"name":{"type":"string","description":"Filter by name","description_kind":"plain","required":true},"ram":{"type":"string","description":"RAM available in MB","description_kind":"plain","computed":true},"type":{"type":"string","description":"Type definition","description_kind":"plain","computed":true}},"description":"Retrieve VM size information","description_kind":"markdown"}},"oneprovider_vm_template":{"version":0,"block":{"attributes":{"id":{"type":"string","description":"Placeholder identifier attribute.","description_kind":"plain","computed":true},"name":{"type":"string","description":"Name of the template.","description_kind":"plain","required":true},"size":{"type":"string","description":"Size of the template in ???","description_kind":"plain","computed":true}},"description":"Fetches a VM template by its name.","description_kind":"markdown"}}}}}}
